
Microsoft Visual Studio Solution File, Format Version 12.00
# Visual Studio Version 17
VisualStudioVersion = 17.1.32421.90
MinimumVisualStudioVersion = 10.0.40219.1
Project("{FAE04EC0-301F-11D3-BF4B-00C04F79EFBC}") = "ConsoleApp10", "ConsoleApp10\ConsoleApp10.csproj", "{52D78848-0B24-465D-AD73-88144CAFD83E}"
EndProject
Global
	GlobalSection(SolutionConfigurationPlatforms) = preSolution
		Debug|Any CPU = Debug|Any CPU
		Release|Any CPU = Release|Any CPU
	EndGlobalSection
	GlobalSection(ProjectConfigurationPlatforms) = postSolution
		{52D78848-0B24-465D-AD73-88144CAFD83E}.Debug|Any CPU.ActiveCfg = Debug|Any CPU
		{52D78848-0B24-465D-AD73-88144CAFD83E}.Debug|Any CPU.Build.0 = Debug|Any CPU
		{52D78848-0B24-465D-AD73-88144CAFD83E}.Release|Any CPU.ActiveCfg = Release|Any CPU
		{52D78848-0B24-465D-AD73-88144CAFD83E}.Release|Any CPU.Build.0 = Release|Any CPU
	EndGlobalSection
	GlobalSection(SolutionProperties) = preSolution
		HideSolutionNode = FALSE
	EndGlobalSection
	GlobalSection(ExtensibilityGlobals) = postSolution
		SolutionGuid = {35BFDE1E-F6DE-4BCE-8BB7-E1F507372E79}
	EndGlobalSection
EndGlobal
